
Microsoft Visual Studio Solution File, Format Version 12.00
# Visual Studio Version 16
VisualStudioVersion = 16.0.30104.148
MinimumVisualStudioVersion = 10.0.40219.1
Project("{9A19103F-16F7-4668-BE54-9A1E7A4F7556}") = "JuneApp", "JuneApp\JuneApp.csproj", "{F6974A92-B4FE-4092-BAB2-35631F4CECC0}"
EndProject
Project("{9A19103F-16F7-4668-BE54-9A1E7A4F7556}") = "Brightsoft.Authentication", "Brightsoft.Authentication\Brightsoft.Authentication.csproj", "{CC7144FB-844C-401F-8400-A0434A5C56F0}"
EndProject
Project("{9A19103F-16F7-4668-BE54-9A1E7A4F7556}") = "Brightsoft.Core", "Brightsoft.Core\Brightsoft.Core.csproj", "{8378ABF4-7C1F-4656-83D0-1038CB7E4637}"
EndProject
Project("{9A19103F-16F7-4668-BE54-9A1E7A4F7556}") = "Brightsoft.Data", "Brightsoft.Data\Brightsoft.Data.csproj", "{E313A7C8-9F55-43E8-A8D5-6698E874F92A}"
EndProject
Project("{9A19103F-16F7-4668-BE54-9A1E7A4F7556}") = "Brightsoft.GraphQL.Helpers", "Brightsoft.GraphQL.Helpers\Brightsoft.GraphQL.Helpers.csproj", "{CBAAB8DC-6576-4482-80A2-F94C72095A47}"
EndProject
Global
	GlobalSection(SolutionConfigurationPlatforms) = preSolution
		Debug|Any CPU = Debug|Any CPU
		Release|Any CPU = Release|Any CPU
	EndGlobalSection
	GlobalSection(ProjectConfigurationPlatforms) = postSolution
		{F6974A92-B4FE-4092-BAB2-35631F4CECC0}.Debug|Any CPU.ActiveCfg = Debug|Any CPU
		{F6974A92-B4FE-4092-BAB2-35631F4CECC0}.Debug|Any CPU.Build.0 = Debug|Any CPU
		{F6974A92-B4FE-4092-BAB2-35631F4CECC0}.Release|Any CPU.ActiveCfg = Release|Any CPU
		{F6974A92-B4FE-4092-BAB2-35631F4CECC0}.Release|Any CPU.Build.0 = Release|Any CPU
		{CC7144FB-844C-401F-8400-A0434A5C56F0}.Debug|Any CPU.ActiveCfg = Debug|Any CPU
		{CC7144FB-844C-401F-8400-A0434A5C56F0}.Debug|Any CPU.Build.0 = Debug|Any CPU
		{CC7144FB-844C-401F-8400-A0434A5C56F0}.Release|Any CPU.ActiveCfg = Release|Any CPU
		{CC7144FB-844C-401F-8400-A0434A5C56F0}.Release|Any CPU.Build.0 = Release|Any CPU
		{8378ABF4-7C1F-4656-83D0-1038CB7E4637}.Debug|Any CPU.ActiveCfg = Debug|Any CPU
		{8378ABF4-7C1F-4656-83D0-1038CB7E4637}.Debug|Any CPU.Build.0 = Debug|Any CPU
		{8378ABF4-7C1F-4656-83D0-1038CB7E4637}.Release|Any CPU.ActiveCfg = Release|Any CPU
		{8378ABF4-7C1F-4656-83D0-1038CB7E4637}.Release|Any CPU.Build.0 = Release|Any CPU
		{E313A7C8-9F55-43E8-A8D5-6698E874F92A}.Debug|Any CPU.ActiveCfg = Debug|Any CPU
		{E313A7C8-9F55-43E8-A8D5-6698E874F92A}.Debug|Any CPU.Build.0 = Debug|Any CPU
		{E313A7C8-9F55-43E8-A8D5-6698E874F92A}.Release|Any CPU.ActiveCfg = Release|Any CPU
		{E313A7C8-9F55-43E8-A8D5-6698E874F92A}.Release|Any CPU.Build.0 = Release|Any CPU
		{CBAAB8DC-6576-4482-80A2-F94C72095A47}.Debug|Any CPU.ActiveCfg = Debug|Any CPU
		{CBAAB8DC-6576-4482-80A2-F94C72095A47}.Debug|Any CPU.Build.0 = Debug|Any CPU
		{CBAAB8DC-6576-4482-80A2-F94C72095A47}.Release|Any CPU.ActiveCfg = Release|Any CPU
		{CBAAB8DC-6576-4482-80A2-F94C72095A47}.Release|Any CPU.Build.0 = Release|Any CPU
	EndGlobalSection
	GlobalSection(SolutionProperties) = preSolution
		HideSolutionNode = FALSE
	EndGlobalSection
	GlobalSection(ExtensibilityGlobals) = postSolution
		SolutionGuid = {48D24966-54AC-4549-B280-FF27CB6CDA68}
	EndGlobalSection
EndGlobal
